
Microsoft Visual Studio Solution File, Format Version 12.00
# Visual Studio Version 17
VisualStudioVersion = 17.1.32421.90
MinimumVisualStudioVersion = 10.0.40219.1
Project("{2150E333-8FDC-42A3-9474-1A3956D46DE8}") = "src", "src", "{22CC538B-C8C2-41B3-9365-4650C0A8B9C1}"
EndProject
Project("{FAE04EC0-301F-11D3-BF4B-00C04F79EFBC}") = "Product.Api", "Product.Api\Product.Api.csproj", "{B6246679-BB9B-4F33-BC13-B515F2391B25}"
EndProject
Project("{FAE04EC0-301F-11D3-BF4B-00C04F79EFBC}") = "Product.Client", "Product.Client\Product.Client.csproj", "{360271E4-1112-4646-B996-6B86C3F62DEB}"
EndProject
Global
	GlobalSection(SolutionConfigurationPlatforms) = preSolution
		Debug|Any CPU = Debug|Any CPU
		Release|Any CPU = Release|Any CPU
	EndGlobalSection
	GlobalSection(ProjectConfigurationPlatforms) = postSolution
		{B6246679-BB9B-4F33-BC13-B515F2391B25}.Debug|Any CPU.ActiveCfg = Debug|Any CPU
		{B6246679-BB9B-4F33-BC13-B515F2391B25}.Debug|Any CPU.Build.0 = Debug|Any CPU
		{B6246679-BB9B-4F33-BC13-B515F2391B25}.Release|Any CPU.ActiveCfg = Release|Any CPU
		{B6246679-BB9B-4F33-BC13-B515F2391B25}.Release|Any CPU.Build.0 = Release|Any CPU
		{360271E4-1112-4646-B996-6B86C3F62DEB}.Debug|Any CPU.ActiveCfg = Debug|Any CPU
		{360271E4-1112-4646-B996-6B86C3F62DEB}.Debug|Any CPU.Build.0 = Debug|Any CPU
		{360271E4-1112-4646-B996-6B86C3F62DEB}.Release|Any CPU.ActiveCfg = Release|Any CPU
		{360271E4-1112-4646-B996-6B86C3F62DEB}.Release|Any CPU.Build.0 = Release|Any CPU
	EndGlobalSection
	GlobalSection(SolutionProperties) = preSolution
		HideSolutionNode = FALSE
	EndGlobalSection
	GlobalSection(NestedProjects) = preSolution
		{B6246679-BB9B-4F33-BC13-B515F2391B25} = {22CC538B-C8C2-41B3-9365-4650C0A8B9C1}
	EndGlobalSection
	GlobalSection(ExtensibilityGlobals) = postSolution
		SolutionGuid = {5FFE1583-D4DF-496E-A36F-D16220E77DC1}
	EndGlobalSection
EndGlobal
